// !$*UTF8*$!
{
	archiveVersion = 1;
	classes = {
	};
	objectVersion = 55;
	objects = {

/* Begin PBXBuildFile section */
		3967FD97289A564A00077DBB /* AppDelegate.swift in Sources */ = {isa = PBXBuildFile; fileRef = 3967FD96289A564A00077DBB /* AppDelegate.swift */; };
		3967FD99289A564A00077DBB /* SceneDelegate.swift in Sources */ = {isa = PBXBuildFile; fileRef = 3967FD98289A564A00077DBB /* SceneDelegate.swift */; };
		3967FD9B289A564A00077DBB /* MainTabBarViewController.swift in Sources */ = {isa = PBXBuildFile; fileRef = 3967FD9A289A564A00077DBB /* MainTabBarViewController.swift */; };
		3967FDA0289A564E00077DBB /* Assets.xcassets in Resources */ = {isa = PBXBuildFile; fileRef = 3967FD9F289A564E00077DBB /* Assets.xcassets */; };
		3967FDA3289A564E00077DBB /* LaunchScreen.storyboard in Resources */ = {isa = PBXBuildFile; fileRef = 3967FDA1289A564E00077DBB /* LaunchScreen.storyboard */; };
		3967FDAC289A5A7700077DBB /* HomeViewController.swift in Sources */ = {isa = PBXBuildFile; fileRef = 3967FDAB289A5A7700077DBB /* HomeViewController.swift */; };
		3967FDAE289A5AA700077DBB /* UpcomingViewController.swift in Sources */ = {isa = PBXBuildFile; fileRef = 3967FDAD289A5AA700077DBB /* UpcomingViewController.swift */; };
		3967FDB1289A5AE000077DBB /* SearchViewController.swift in Sources */ = {isa = PBXBuildFile; fileRef = 3967FDB0289A5AE000077DBB /* SearchViewController.swift */; };
		3967FDB3289A5B0A00077DBB /* DownloadsViewController.swift in Sources */ = {isa = PBXBuildFile; fileRef = 3967FDB2289A5B0A00077DBB /* DownloadsViewController.swift */; };
		3967FDBC289A67A100077DBB /* CollectionViewTableViewCell.swift in Sources */ = {isa = PBXBuildFile; fileRef = 3967FDBB289A67A100077DBB /* CollectionViewTableViewCell.swift */; };
		3967FDBE289A82F500077DBB /* HeroHeaderUIView.swift in Sources */ = {isa = PBXBuildFile; fileRef = 3967FDBD289A82F500077DBB /* HeroHeaderUIView.swift */; };
		3967FDC2289BB21E00077DBB /* APICaller.swift in Sources */ = {isa = PBXBuildFile; fileRef = 3967FDC1289BB21E00077DBB /* APICaller.swift */; };
		3967FDC4289BB5AF00077DBB /* Title.swift in Sources */ = {isa = PBXBuildFile; fileRef = 3967FDC3289BB5AF00077DBB /* Title.swift */; };
		3967FDC6289BBBCE00077DBB /* Extensions.swift in Sources */ = {isa = PBXBuildFile; fileRef = 3967FDC5289BBBCE00077DBB /* Extensions.swift */; };
		3967FDCA289BE06000077DBB /* TitleCollectionViewCell.swift in Sources */ = {isa = PBXBuildFile; fileRef = 3967FDC9289BE06000077DBB /* TitleCollectionViewCell.swift */; };
		39D7D5AF28A23B6800A18C41 /* SDWebImage in Frameworks */ = {isa = PBXBuildFile; productRef = 39D7D5AE28A23B6800A18C41 /* SDWebImage */; };
		39D7D5B128A23B6800A18C41 /* SDWebImageMapKit in Frameworks */ = {isa = PBXBuildFile; productRef = 39D7D5B028A23B6800A18C41 /* SDWebImageMapKit */; };
		39D7D5B328A2701700A18C41 /* TitleTableViewCell.swift in Sources */ = {isa = PBXBuildFile; fileRef = 39D7D5B228A2701700A18C41 /* TitleTableViewCell.swift */; };
		39D7D5B528A2735700A18C41 /* TitleViewModel.swift in Sources */ = {isa = PBXBuildFile; fileRef = 39D7D5B428A2735700A18C41 /* TitleViewModel.swift */; };
		39D7D5B728A2A3F900A18C41 /* SearchResultsViewController.swift in Sources */ = {isa = PBXBuildFile; fileRef = 39D7D5B628A2A3F900A18C41 /* SearchResultsViewController.swift */; };
		39D7D5BC28A4F16700A18C41 /* YoutubeSearchResponse.swift in Sources */ = {isa = PBXBuildFile; fileRef = 39D7D5BB28A4F16700A18C41 /* YoutubeSearchResponse.swift */; };
/* End PBXBuildFile section */

/* Begin PBXFileReference section */
		3967FD93289A564A00077DBB /* Netflix Clone.app */ = {isa = PBXFileReference; explicitFileType = wrapper.application; includeInIndex = 0; path = "Netflix Clone.app"; sourceTree = BUILT_PRODUCTS_DIR; };
		3967FD96289A564A00077DBB /* AppDelegate.swift */ = {isa = PBXFileReference; lastKnownFileType = sourcecode.swift; path = AppDelegate.swift; sourceTree = "<group>"; };
		3967FD98289A564A00077DBB /* SceneDelegate.swift */ = {isa = PBXFileReference; lastKnownFileType = sourcecode.swift; path = SceneDelegate.swift; sourceTree = "<group>"; };
		3967FD9A289A564A00077DBB /* MainTabBarViewController.swift */ = {isa = PBXFileReference; lastKnownFileType = sourcecode.swift; path = MainTabBarViewController.swift; sourceTree = "<group>"; };
		3967FD9F289A564E00077DBB /* Assets.xcassets */ = {isa = PBXFileReference; lastKnownFileType = folder.assetcatalog; path = Assets.xcassets; sourceTree = "<group>"; };
		3967FDA2289A564E00077DBB /* Base */ = {isa = PBXFileReference; lastKnownFileType = file.storyboard; name = Base; path = Base.lproj/LaunchScreen.storyboard; sourceTree = "<group>"; };
		3967FDA4289A564E00077DBB /* Info.plist */ = {isa = PBXFileReference; lastKnownFileType = text.plist.xml; path = Info.plist; sourceTree = "<group>"; };
		3967FDAB289A5A7700077DBB /* HomeViewController.swift */ = {isa = PBXFileReference; lastKnownFileType = sourcecode.swift; path = HomeViewController.swift; sourceTree = "<group>"; };
		3967FDAD289A5AA700077DBB /* UpcomingViewController.swift */ = {isa = PBXFileReference; lastKnownFileType = sourcecode.swift; path = UpcomingViewController.swift; sourceTree = "<group>"; };
		3967FDB0289A5AE000077DBB /* SearchViewController.swift */ = {isa = PBXFileReference; lastKnownFileType = sourcecode.swift; path = SearchViewController.swift; sourceTree = "<group>"; };
		3967FDB2289A5B0A00077DBB /* DownloadsViewController.swift */ = {isa = PBXFileReference; lastKnownFileType = sourcecode.swift; path = DownloadsViewController.swift; sourceTree = "<group>"; };
		3967FDBB289A67A100077DBB /* CollectionViewTableViewCell.swift */ = {isa = PBXFileReference; lastKnownFileType = sourcecode.swift; path = CollectionViewTableViewCell.swift; sourceTree = "<group>"; };
		3967FDBD289A82F500077DBB /* HeroHeaderUIView.swift */ = {isa = PBXFileReference; lastKnownFileType = sourcecode.swift; path = HeroHeaderUIView.swift; sourceTree = "<group>"; };
		3967FDC1289BB21E00077DBB /* APICaller.swift */ = {isa = PBXFileReference; lastKnownFileType = sourcecode.swift; path = APICaller.swift; sourceTree = "<group>"; };
		3967FDC3289BB5AF00077DBB /* Title.swift */ = {isa = PBXFileReference; lastKnownFileType = sourcecode.swift; path = Title.swift; sourceTree = "<group>"; };
		3967FDC5289BBBCE00077DBB /* Extensions.swift */ = {isa = PBXFileReference; lastKnownFileType = sourcecode.swift; path = Extensions.swift; sourceTree = "<group>"; };
		3967FDC9289BE06000077DBB /* TitleCollectionViewCell.swift */ = {isa = PBXFileReference; lastKnownFileType = sourcecode.swift; path = TitleCollectionViewCell.swift; sourceTree = "<group>"; };
		39D7D5B228A2701700A18C41 /* TitleTableViewCell.swift */ = {isa = PBXFileReference; lastKnownFileType = sourcecode.swift; path = TitleTableViewCell.swift; sourceTree = "<group>"; };
		39D7D5B428A2735700A18C41 /* TitleViewModel.swift */ = {isa = PBXFileReference; lastKnownFileType = sourcecode.swift; path = TitleViewModel.swift; sourceTree = "<group>"; };
		39D7D5B628A2A3F900A18C41 /* SearchResultsViewController.swift */ = {isa = PBXFileReference; lastKnownFileType = sourcecode.swift; path = SearchResultsViewController.swift; sourceTree = "<group>"; };
		39D7D5BB28A4F16700A18C41 /* YoutubeSearchResponse.swift */ = {isa = PBXFileReference; lastKnownFileType = sourcecode.swift; path = YoutubeSearchResponse.swift; sourceTree = "<group>"; };
/* End PBXFileReference section */

/* Begin PBXFrameworksBuildPhase section */
		3967FD90289A564A00077DBB /* Frameworks */ = {
			isa = PBXFrameworksBuildPhase;
			buildActionMask = 2147483647;
			files = (
				39D7D5B128A23B6800A18C41 /* SDWebImageMapKit in Frameworks */,
				39D7D5AF28A23B6800A18C41 /* SDWebImage in Frameworks */,
			);
			runOnlyForDeploymentPostprocessing = 0;
		};
/* End PBXFrameworksBuildPhase section */

/* Begin PBXGroup section */
		3967FD8A289A564A00077DBB = {
			isa = PBXGroup;
			children = (
				3967FD95289A564A00077DBB /* Netflix Clone */,
				3967FD94289A564A00077DBB /* Products */,
			);
			sourceTree = "<group>";
		};
		3967FD94289A564A00077DBB /* Products */ = {
			isa = PBXGroup;
			children = (
				3967FD93289A564A00077DBB /* Netflix Clone.app */,
			);
			name = Products;
			sourceTree = "<group>";
		};
		3967FD95289A564A00077DBB /* Netflix Clone */ = {
			isa = PBXGroup;
			children = (
				39D7D5BA28A2A52E00A18C41 /* Supporting Files */,
				3967FDBA289A676500077DBB /* Managers */,
				3967FDB9289A675200077DBB /* Resources */,
				3967FDB7289A670C00077DBB /* Models */,
				3967FDB8289A671A00077DBB /* Views */,
				3967FDB6289A670700077DBB /* ViewModels */,
				3967FDAA289A5A3100077DBB /* Controllers */,
			);
			path = "Netflix Clone";
			sourceTree = "<group>";
		};
		3967FDAA289A5A3100077DBB /* Controllers */ = {
			isa = PBXGroup;
			children = (
				39D7D5B928A2A51300A18C41 /* General */,
				39D7D5B828A2A42100A18C41 /* Core */,
			);
			path = Controllers;
			sourceTree = "<group>";
		};
		3967FDB6289A670700077DBB /* ViewModels */ = {
			isa = PBXGroup;
			children = (
				39D7D5B428A2735700A18C41 /* TitleViewModel.swift */,
			);
			path = ViewModels;
			sourceTree = "<group>";
		};
		3967FDB7289A670C00077DBB /* Models */ = {
			isa = PBXGroup;
			children = (
				3967FDC3289BB5AF00077DBB /* Title.swift */,
				39D7D5BB28A4F16700A18C41 /* YoutubeSearchResponse.swift */,
			);
			path = Models;
			sourceTree = "<group>";
		};
		3967FDB8289A671A00077DBB /* Views */ = {
			isa = PBXGroup;
			children = (
				3967FDBB289A67A100077DBB /* CollectionViewTableViewCell.swift */,
				3967FDBD289A82F500077DBB /* HeroHeaderUIView.swift */,
				3967FDC9289BE06000077DBB /* TitleCollectionViewCell.swift */,
				39D7D5B228A2701700A18C41 /* TitleTableViewCell.swift */,
			);
			path = Views;
			sourceTree = "<group>";
		};
		3967FDB9289A675200077DBB /* Resources */ = {
			isa = PBXGroup;
			children = (
				3967FDC5289BBBCE00077DBB /* Extensions.swift */,
			);
			path = Resources;
			sourceTree = "<group>";
		};
		3967FDBA289A676500077DBB /* Managers */ = {
			isa = PBXGroup;
			children = (
				3967FDC1289BB21E00077DBB /* APICaller.swift */,
			);
			path = Managers;
			sourceTree = "<group>";
		};
		39D7D5B828A2A42100A18C41 /* Core */ = {
			isa = PBXGroup;
			children = (
				3967FD9A289A564A00077DBB /* MainTabBarViewController.swift */,
				3967FDB0289A5AE000077DBB /* SearchViewController.swift */,
				3967FDB2289A5B0A00077DBB /* DownloadsViewController.swift */,
				3967FDAB289A5A7700077DBB /* HomeViewController.swift */,
				3967FDAD289A5AA700077DBB /* UpcomingViewController.swift */,
			);
			path = Core;
			sourceTree = "<group>";
		};
		39D7D5B928A2A51300A18C41 /* General */ = {
			isa = PBXGroup;
			children = (
				39D7D5B628A2A3F900A18C41 /* SearchResultsViewController.swift */,
			);
			path = General;
			sourceTree = "<group>";
		};
		39D7D5BA28A2A52E00A18C41 /* Supporting Files */ = {
			isa = PBXGroup;
			children = (
				3967FD96289A564A00077DBB /* AppDelegate.swift */,
				3967FD98289A564A00077DBB /* SceneDelegate.swift */,
				3967FD9F289A564E00077DBB /* Assets.xcassets */,
				3967FDA1289A564E00077DBB /* LaunchScreen.storyboard */,
				3967FDA4289A564E00077DBB /* Info.plist */,
			);
			path = "Supporting Files";
			sourceTree = "<group>";
		};
/* End PBXGroup section */

/* Begin PBXNativeTarget section */
		3967FD92289A564A00077DBB /* Netflix Clone */ = {
			isa = PBXNativeTarget;
			buildConfigurationList = 3967FDA7289A564E00077DBB /* Build configuration list for PBXNativeTarget "Netflix Clone" */;
			buildPhases = (
				3967FD8F289A564A00077DBB /* Sources */,
				3967FD90289A564A00077DBB /* Frameworks */,
				3967FD91289A564A00077DBB /* Resources */,
			);
			buildRules = (
			);
			dependencies = (
			);
			name = "Netflix Clone";
			packageProductDependencies = (
				39D7D5AE28A23B6800A18C41 /* SDWebImage */,
				39D7D5B028A23B6800A18C41 /* SDWebImageMapKit */,
			);
			productName = "Netflix Clone";
			productReference = 3967FD93289A564A00077DBB /* Netflix Clone.app */;
			productType = "com.apple.product-type.application";
		};
/* End PBXNativeTarget section */

/* Begin PBXProject section */
		3967FD8B289A564A00077DBB /* Project object */ = {
			isa = PBXProject;
			attributes = {
				BuildIndependentTargetsInParallel = 1;
				LastSwiftUpdateCheck = 1340;
				LastUpgradeCheck = 1340;
				TargetAttributes = {
					3967FD92289A564A00077DBB = {
						CreatedOnToolsVersion = 13.4.1;
					};
				};
			};
			buildConfigurationList = 3967FD8E289A564A00077DBB /* Build configuration list for PBXProject "Netflix Clone" */;
			compatibilityVersion = "Xcode 13.0";
			developmentRegion = en;
			hasScannedForEncodings = 0;
			knownRegions = (
				en,
				Base,
			);
			mainGroup = 3967FD8A289A564A00077DBB;
			packageReferences = (
				39D7D5AD28A23B6800A18C41 /* XCRemoteSwiftPackageReference "SDWebImage" */,
			);
			productRefGroup = 3967FD94289A564A00077DBB /* Products */;
			projectDirPath = "";
			projectRoot = "";
			targets = (
				3967FD92289A564A00077DBB /* Netflix Clone */,
			);
		};
/* End PBXProject section */

/* Begin PBXResourcesBuildPhase section */
		3967FD91289A564A00077DBB /* Resources */ = {
			isa = PBXResourcesBuildPhase;
			buildActionMask = 2147483647;
			files = (
				3967FDA3289A564E00077DBB /* LaunchScreen.storyboard in Resources */,
				3967FDA0289A564E00077DBB /* Assets.xcassets in Resources */,
			);
			runOnlyForDeploymentPostprocessing = 0;
		};
/* End PBXResourcesBuildPhase section */

/* Begin PBXSourcesBuildPhase section */
		3967FD8F289A564A00077DBB /* Sources */ = {
			isa = PBXSourcesBuildPhase;
			buildActionMask = 2147483647;
			files = (
				39D7D5B328A2701700A18C41 /* TitleTableViewCell.swift in Sources */,
				3967FDB1289A5AE000077DBB /* SearchViewController.swift in Sources */,
				3967FDCA289BE06000077DBB /* TitleCollectionViewCell.swift in Sources */,
				3967FD9B289A564A00077DBB /* MainTabBarViewController.swift in Sources */,
				3967FDBC289A67A100077DBB /* CollectionViewTableViewCell.swift in Sources */,
				3967FDC2289BB21E00077DBB /* APICaller.swift in Sources */,
				3967FDBE289A82F500077DBB /* HeroHeaderUIView.swift in Sources */,
				3967FDB3289A5B0A00077DBB /* DownloadsViewController.swift in Sources */,
				3967FD97289A564A00077DBB /* AppDelegate.swift in Sources */,
				39D7D5B728A2A3F900A18C41 /* SearchResultsViewController.swift in Sources */,
				3967FDC6289BBBCE00077DBB /* Extensions.swift in Sources */,
				39D7D5BC28A4F16700A18C41 /* YoutubeSearchResponse.swift in Sources */,
				3967FD99289A564A00077DBB /* SceneDelegate.swift in Sources */,
				3967FDAE289A5AA700077DBB /* UpcomingViewController.swift in Sources */,
				3967FDC4289BB5AF00077DBB /* Title.swift in Sources */,
				3967FDAC289A5A7700077DBB /* HomeViewController.swift in Sources */,
				39D7D5B528A2735700A18C41 /* TitleViewModel.swift in Sources */,
			);
			runOnlyForDeploymentPostprocessing = 0;
		};
/* End PBXSourcesBuildPhase section */

/* Begin PBXVariantGroup section */
		3967FDA1289A564E00077DBB /* LaunchScreen.storyboard */ = {
			isa = PBXVariantGroup;
			children = (
				3967FDA2289A564E00077DBB /* Base */,
			);
			name = LaunchScreen.storyboard;
			sourceTree = "<group>";
		};
/* End PBXVariantGroup section */

/* Begin XCBuildConfiguration section */
		3967FDA5289A564E00077DBB /* Debug */ = {
			isa = XCBuildConfiguration;
			buildSettings = {
				ALWAYS_SEARCH_USER_PATHS = NO;
				CLANG_ANALYZER_NONNULL = YES;
				CLANG_ANALYZER_NUMBER_OBJECT_CONVERSION = YES_AGGRESSIVE;
				CLANG_CXX_LANGUAGE_STANDARD = "gnu++17";
				CLANG_ENABLE_MODULES = YES;
				CLANG_ENABLE_OBJC_ARC = YES;
				CLANG_ENABLE_OBJC_WEAK = YES;
				CLANG_WARN_BLOCK_CAPTURE_AUTORELEASING = YES;
				CLANG_WARN_BOOL_CONVERSION = YES;
				CLANG_WARN_COMMA = YES;
				CLANG_WARN_CONSTANT_CONVERSION = YES;
				CLANG_WARN_DEPRECATED_OBJC_IMPLEMENTATIONS = YES;
				CLANG_WARN_DIRECT_OBJC_ISA_USAGE = YES_ERROR;
				CLANG_WARN_DOCUMENTATION_COMMENTS = YES;
				CLANG_WARN_EMPTY_BODY = YES;
				CLANG_WARN_ENUM_CONVERSION = YES;
				CLANG_WARN_INFINITE_RECURSION = YES;
				CLANG_WARN_INT_CONVERSION = YES;
				CLANG_WARN_NON_LITERAL_NULL_CONVERSION = YES;
				CLANG_WARN_OBJC_IMPLICIT_RETAIN_SELF = YES;
				CLANG_WARN_OBJC_LITERAL_CONVERSION = YES;
				CLANG_WARN_OBJC_ROOT_CLASS = YES_ERROR;
				CLANG_WARN_QUOTED_INCLUDE_IN_FRAMEWORK_HEADER = YES;
				CLANG_WARN_RANGE_LOOP_ANALYSIS = YES;
				CLANG_WARN_STRICT_PROTOTYPES = YES;
				CLANG_WARN_SUSPICIOUS_MOVE = YES;
				CLANG_WARN_UNGUARDED_AVAILABILITY = YES_AGGRESSIVE;
				CLANG_WARN_UNREACHABLE_CODE = YES;
				CLANG_WARN__DUPLICATE_METHOD_MATCH = YES;
				COPY_PHASE_STRIP = NO;
				DEBUG_INFORMATION_FORMAT = dwarf;
				ENABLE_STRICT_OBJC_MSGSEND = YES;
				ENABLE_TESTABILITY = YES;
				GCC_C_LANGUAGE_STANDARD = gnu11;
				GCC_DYNAMIC_NO_PIC = NO;
				GCC_NO_COMMON_BLOCKS = YES;
				GCC_OPTIMIZATION_LEVEL = 0;
				GCC_PREPROCESSOR_DEFINITIONS = (
					"DEBUG=1",
					"$(inherited)",
				);
				GCC_WARN_64_TO_32_BIT_CONVERSION = YES;
				GCC_WARN_ABOUT_RETURN_TYPE = YES_ERROR;
				GCC_WARN_UNDECLARED_SELECTOR = YES;
				GCC_WARN_UNINITIALIZED_AUTOS = YES_AGGRESSIVE;
				GCC_WARN_UNUSED_FUNCTION = YES;
				GCC_WARN_UNUSED_VARIABLE = YES;
				IPHONEOS_DEPLOYMENT_TARGET = 15.5;
				MTL_ENABLE_DEBUG_INFO = INCLUDE_SOURCE;
				MTL_FAST_MATH = YES;
				ONLY_ACTIVE_ARCH = YES;
				SDKROOT = iphoneos;
				SWIFT_ACTIVE_COMPILATION_CONDITIONS = DEBUG;
				SWIFT_OPTIMIZATION_LEVEL = "-Onone";
			};
			name = Debug;
		};
		3967FDA6289A564E00077DBB /* Release */ = {
			isa = XCBuildConfiguration;
			buildSettings = {
				ALWAYS_SEARCH_USER_PATHS = NO;
				CLANG_ANALYZER_NONNULL = YES;
				CLANG_ANALYZER_NUMBER_OBJECT_CONVERSION = YES_AGGRESSIVE;
				CLANG_CXX_LANGUAGE_STANDARD = "gnu++17";
				CLANG_ENABLE_MODULES = YES;
				CLANG_ENABLE_OBJC_ARC = YES;
				CLANG_ENABLE_OBJC_WEAK = YES;
				CLANG_WARN_BLOCK_CAPTURE_AUTORELEASING = YES;
				CLANG_WARN_BOOL_CONVERSION = YES;
				CLANG_WARN_COMMA = YES;
				CLANG_WARN_CONSTANT_CONVERSION = YES;
				CLANG_WARN_DEPRECATED_OBJC_IMPLEMENTATIONS = YES;
				CLANG_WARN_DIRECT_OBJC_ISA_USAGE = YES_ERROR;
				CLANG_WARN_DOCUMENTATION_COMMENTS = YES;
				CLANG_WARN_EMPTY_BODY = YES;
				CLANG_WARN_ENUM_CONVERSION = YES;
				CLANG_WARN_INFINITE_RECURSION = YES;
				CLANG_WARN_INT_CONVERSION = YES;
				CLANG_WARN_NON_LITERAL_NULL_CONVERSION = YES;
				CLANG_WARN_OBJC_IMPLICIT_RETAIN_SELF = YES;
				CLANG_WARN_OBJC_LITERAL_CONVERSION = YES;
				CLANG_WARN_OBJC_ROOT_CLASS = YES_ERROR;
				CLANG_WARN_QUOTED_INCLUDE_IN_FRAMEWORK_HEADER = YES;
				CLANG_WARN_RANGE_LOOP_ANALYSIS = YES;
				CLANG_WARN_STRICT_PROTOTYPES = YES;
				CLANG_WARN_SUSPICIOUS_MOVE = YES;
				CLANG_WARN_UNGUARDED_AVAILABILITY = YES_AGGRESSIVE;
				CLANG_WARN_UNREACHABLE_CODE = YES;
				CLANG_WARN__DUPLICATE_METHOD_MATCH = YES;
				COPY_PHASE_STRIP = NO;
				DEBUG_INFORMATION_FORMAT = "dwarf-with-dsym";
				ENABLE_NS_ASSERTIONS = NO;
				ENABLE_STRICT_OBJC_MSGSEND = YES;
				GCC_C_LANGUAGE_STANDARD = gnu11;
				GCC_NO_COMMON_BLOCKS = YES;
				GCC_WARN_64_TO_32_BIT_CONVERSION = YES;
				GCC_WARN_ABOUT_RETURN_TYPE = YES_ERROR;
				GCC_WARN_UNDECLARED_SELECTOR = YES;
				GCC_WARN_UNINITIALIZED_AUTOS = YES_AGGRESSIVE;
				GCC_WARN_UNUSED_FUNCTION = YES;
				GCC_WARN_UNUSED_VARIABLE = YES;
				IPHONEOS_DEPLOYMENT_TARGET = 15.5;
				MTL_ENABLE_DEBUG_INFO = NO;
				MTL_FAST_MATH = YES;
				SDKROOT = iphoneos;
				SWIFT_COMPILATION_MODE = wholemodule;
				SWIFT_OPTIMIZATION_LEVEL = "-O";
				VALIDATE_PRODUCT = YES;
			};
			name = Release;
		};
		3967FDA8289A564E00077DBB /* Debug */ = {
			isa = XCBuildConfiguration;
			buildSettings = {
				ASSETCATALOG_COMPILER_APPICON_NAME = AppIcon;
				ASSETCATALOG_COMPILER_GLOBAL_ACCENT_COLOR_NAME = AccentColor;
				CODE_SIGN_STYLE = Automatic;
				CURRENT_PROJECT_VERSION = 1;
				DEVELOPMENT_TEAM = S36XNC4YL6;
				GENERATE_INFOPLIST_FILE = YES;
				INFOPLIST_FILE = "Netflix Clone/Supporting Files/Info.plist";
				INFOPLIST_KEY_UIApplicationSupportsIndirectInputEvents = YES;
				INFOPLIST_KEY_UILaunchStoryboardName = LaunchScreen;
				INFOPLIST_KEY_UISupportedInterfaceOrientations_iPad = "UIInterfaceOrientationPortrait UIInterfaceOrientationPortraitUpsideDown UIInterfaceOrientationLandscapeLeft UIInterfaceOrientationLandscapeRight";
				INFOPLIST_KEY_UISupportedInterfaceOrientations_iPhone = "UIInterfaceOrientationPortrait UIInterfaceOrientationLandscapeLeft UIInterfaceOrientationLandscapeRight";
				LD_RUNPATH_SEARCH_PATHS = (
					"$(inherited)",
					"@executable_path/Frameworks",
				);
				MARKETING_VERSION = 1.0;
				PRODUCT_BUNDLE_IDENTIFIER = "com.thebilgin.Netflix-Clone";
				PRODUCT_NAME = "$(TARGET_NAME)";
				SWIFT_EMIT_LOC_STRINGS = YES;
				SWIFT_VERSION = 5.0;
				TARGETED_DEVICE_FAMILY = "1,2";
			};
			name = Debug;
		};
		3967FDA9289A564E00077DBB /* Release */ = {
			isa = XCBuildConfiguration;
			buildSettings = {
				ASSETCATALOG_COMPILER_APPICON_NAME = AppIcon;
				ASSETCATALOG_COMPILER_GLOBAL_ACCENT_COLOR_NAME = AccentColor;
				CODE_SIGN_STYLE = Automatic;
				CURRENT_PROJECT_VERSION = 1;
				DEVELOPMENT_TEAM = S36XNC4YL6;
				GENERATE_INFOPLIST_FILE = YES;
				INFOPLIST_FILE = "Netflix Clone/Supporting Files/Info.plist";
				INFOPLIST_KEY_UIApplicationSupportsIndirectInputEvents = YES;
				INFOPLIST_KEY_UILaunchStoryboardName = LaunchScreen;
				INFOPLIST_KEY_UISupportedInterfaceOrientations_iPad = "UIInterfaceOrientationPortrait UIInterfaceOrientationPortraitUpsideDown UIInterfaceOrientationLandscapeLeft UIInterfaceOrientationLandscapeRight";
				INFOPLIST_KEY_UISupportedInterfaceOrientations_iPhone = "UIInterfaceOrientationPortrait UIInterfaceOrientationLandscapeLeft UIInterfaceOrientationLandscapeRight";
				LD_RUNPATH_SEARCH_PATHS = (
					"$(inherited)",
					"@executable_path/Frameworks",
				);
				MARKETING_VERSION = 1.0;
				PRODUCT_BUNDLE_IDENTIFIER = "com.thebilgin.Netflix-Clone";
				PRODUCT_NAME = "$(TARGET_NAME)";
				SWIFT_EMIT_LOC_STRINGS = YES;
				SWIFT_VERSION = 5.0;
				TARGETED_DEVICE_FAMILY = "1,2";
			};
			name = Release;
		};
/* End XCBuildConfiguration section */

/* Begin XCConfigurationList section */
		3967FD8E289A564A00077DBB /* Build configuration list for PBXProject "Netflix Clone" */ = {
			isa = XCConfigurationList;
			buildConfigurations = (
				3967FDA5289A564E00077DBB /* Debug */,
				3967FDA6289A564E00077DBB /* Release */,
			);
			defaultConfigurationIsVisible = 0;
			defaultConfigurationName = Release;
		};
		3967FDA7289A564E00077DBB /* Build configuration list for PBXNativeTarget "Netflix Clone" */ = {
			isa = XCConfigurationList;
			buildConfigurations = (
				3967FDA8289A564E00077DBB /* Debug */,
				3967FDA9289A564E00077DBB /* Release */,
			);
			defaultConfigurationIsVisible = 0;
			defaultConfigurationName = Release;
		};
/* End XCConfigurationList section */

/* Begin XCRemoteSwiftPackageReference section */
		39D7D5AD28A23B6800A18C41 /* XCRemoteSwiftPackageReference "SDWebImage" */ = {
			isa = XCRemoteSwiftPackageReference;
			repositoryURL = "https://github.com/SDWebImage/SDWebImage";
			requirement = {
				branch = master;
				kind = branch;
			};
		};
/* End XCRemoteSwiftPackageReference section */

/* Begin XCSwiftPackageProductDependency section */
		39D7D5AE28A23B6800A18C41 /* SDWebImage */ = {
			isa = XCSwiftPackageProductDependency;
			package = 39D7D5AD28A23B6800A18C41 /* XCRemoteSwiftPackageReference "SDWebImage" */;
			productName = SDWebImage;
		};
		39D7D5B028A23B6800A18C41 /* SDWebImageMapKit */ = {
			isa = XCSwiftPackageProductDependency;
			package = 39D7D5AD28A23B6800A18C41 /* XCRemoteSwiftPackageReference "SDWebImage" */;
			productName = SDWebImageMapKit;
		};
/* End XCSwiftPackageProductDependency section */
	};
	rootObject = 3967FD8B289A564A00077DBB /* Project object */;
}
